
Microsoft Visual Studio Solution File, Format Version 12.00
# Visual Studio Version 17
VisualStudioVersion = 17.12.35521.163
MinimumVisualStudioVersion = 10.0.40219.1
Project("{FAE04EC0-301F-11D3-BF4B-00C04F79EFBC}") = "GestionRV", "GestionRV\GestionRV.csproj", "{6228A063-6306-4723-8CE9-BD89ADC59FBD}"
	ProjectSection(ProjectDependencies) = postProject
		{A852B0CB-1F03-4F20-8812-B655BC54F254} = {A852B0CB-1F03-4F20-8812-B655BC54F254}
	EndProjectSection
EndProject
Project("{FAE04EC0-301F-11D3-BF4B-00C04F79EFBC}") = "AppVille", "..\AppVille\AppVille\AppVille.csproj", "{B4E94E2B-6453-433D-90D2-26493267AFDB}"
EndProject
Project("{FAE04EC0-301F-11D3-BF4B-00C04F79EFBC}") = "APIRvMedical", "APIRvMedical\APIRvMedical.csproj", "{7F7B2699-89CA-4B73-8230-D7EA8DD5BEB6}"
EndProject
Project("{FAE04EC0-301F-11D3-BF4B-00C04F79EFBC}") = "WcfServiceRdv", "WcfServiceRdv\WcfServiceRdv.csproj", "{A852B0CB-1F03-4F20-8812-B655BC54F254}"
EndProject
Global
	GlobalSection(SolutionConfigurationPlatforms) = preSolution
		Debug|Any CPU = Debug|Any CPU
		Release|Any CPU = Release|Any CPU
	EndGlobalSection
	GlobalSection(ProjectConfigurationPlatforms) = postSolution
		{6228A063-6306-4723-8CE9-BD89ADC59FBD}.Debug|Any CPU.ActiveCfg = Debug|Any CPU
		{6228A063-6306-4723-8CE9-BD89ADC59FBD}.Debug|Any CPU.Build.0 = Debug|Any CPU
		{6228A063-6306-4723-8CE9-BD89ADC59FBD}.Release|Any CPU.ActiveCfg = Release|Any CPU
		{6228A063-6306-4723-8CE9-BD89ADC59FBD}.Release|Any CPU.Build.0 = Release|Any CPU
		{B4E94E2B-6453-433D-90D2-26493267AFDB}.Debug|Any CPU.ActiveCfg = Debug|Any CPU
		{B4E94E2B-6453-433D-90D2-26493267AFDB}.Debug|Any CPU.Build.0 = Debug|Any CPU
		{B4E94E2B-6453-433D-90D2-26493267AFDB}.Release|Any CPU.ActiveCfg = Release|Any CPU
		{B4E94E2B-6453-433D-90D2-26493267AFDB}.Release|Any CPU.Build.0 = Release|Any CPU
		{7F7B2699-89CA-4B73-8230-D7EA8DD5BEB6}.Debug|Any CPU.ActiveCfg = Debug|Any CPU
		{7F7B2699-89CA-4B73-8230-D7EA8DD5BEB6}.Debug|Any CPU.Build.0 = Debug|Any CPU
		{7F7B2699-89CA-4B73-8230-D7EA8DD5BEB6}.Release|Any CPU.ActiveCfg = Release|Any CPU
		{7F7B2699-89CA-4B73-8230-D7EA8DD5BEB6}.Release|Any CPU.Build.0 = Release|Any CPU
		{A852B0CB-1F03-4F20-8812-B655BC54F254}.Debug|Any CPU.ActiveCfg = Debug|Any CPU
		{A852B0CB-1F03-4F20-8812-B655BC54F254}.Debug|Any CPU.Build.0 = Debug|Any CPU
		{A852B0CB-1F03-4F20-8812-B655BC54F254}.Release|Any CPU.ActiveCfg = Release|Any CPU
		{A852B0CB-1F03-4F20-8812-B655BC54F254}.Release|Any CPU.Build.0 = Release|Any CPU
	EndGlobalSection
	GlobalSection(SolutionProperties) = preSolution
		HideSolutionNode = FALSE
	EndGlobalSection
	GlobalSection(ExtensibilityGlobals) = postSolution
		SolutionGuid = {7C167C3B-C5EB-453B-8DCC-5242F51B0598}
	EndGlobalSection
EndGlobal
